
Microsoft Visual Studio Solution File, Format Version 12.00
# Visual Studio 14
VisualStudioVersion = 14.0.23107.0
MinimumVisualStudioVersion = 10.0.40219.1
Project("{F184B08F-C81C-45F6-A57F-5ABD9991F28F}") = "RoomChargeCalculator", "RoomChargeCalculator\RoomChargeCalculator.vbproj", "{8E6AC8FD-8C14-4FDB-9E6C-254E9175180F}"
EndProject
Global
	GlobalSection(SolutionConfigurationPlatforms) = preSolution
		Debug|Any CPU = Debug|Any CPU
		Release|Any CPU = Release|Any CPU
	EndGlobalSection
	GlobalSection(ProjectConfigurationPlatforms) = postSolution
		{8E6AC8FD-8C14-4FDB-9E6C-254E9175180F}.Debug|Any CPU.ActiveCfg = Debug|Any CPU
		{8E6AC8FD-8C14-4FDB-9E6C-254E9175180F}.Debug|Any CPU.Build.0 = Debug|Any CPU
		{8E6AC8FD-8C14-4FDB-9E6C-254E9175180F}.Release|Any CPU.ActiveCfg = Release|Any CPU
		{8E6AC8FD-8C14-4FDB-9E6C-254E9175180F}.Release|Any CPU.Build.0 = Release|Any CPU
	EndGlobalSection
	GlobalSection(SolutionProperties) = preSolution
		HideSolutionNode = FALSE
	EndGlobalSection
EndGlobal
